{
  "name": "sketch-predictor",
  "version": "1.0.0",
  "lockfileVersion": 2,
  "requires": true,
  "packages": {
    "": {
      "version": "1.0.0",
      "license": "MIT",
      "dependencies": {
        "ml-ts": "^1.0.3"
      }
    },
    "node_modules/ml-ts": {
      "version": "1.0.3",
      "resolved": "https://registry.npmjs.org/ml-ts/-/ml-ts-1.0.3.tgz",
      "integrity": "sha512-gtfEcSzpXwKhai3qUlWPyBIxCDbbYAyyKAAikv1bNgyOWvzuk/TTwrjaAwQd0hgA8wP+pNjhW5C3RemcLWC1vg=="
    }
  },
  "dependencies": {
    "ml-ts": {
      "version": "1.0.3",
      "resolved": "https://registry.npmjs.org/ml-ts/-/ml-ts-1.0.3.tgz",
      "integrity": "sha512-gtfEcSzpXwKhai3qUlWPyBIxCDbbYAyyKAAikv1bNgyOWvzuk/TTwrjaAwQd0hgA8wP+pNjhW5C3RemcLWC1vg=="
    }
  }
}
